<?xml version="1.0" encoding="utf-8"?>
<Project ToolsVersion="4.0" xmlns="http://schemas.microsoft.com/developer/msbuild/2003">
  <ItemGroup>
    <Filter Include="소스 파일">
      <UniqueIdentifier>{4FC737F1-C7A5-4376-A066-2A32D752A2FF}</UniqueIdentifier>
      <Extensions>cpp;c;cc;cxx;c++;cppm;ixx;def;odl;idl;hpj;bat;asm;asmx</Extensions>
    </Filter>
    <Filter Include="헤더 파일">
      <UniqueIdentifier>{93995380-89BD-4b04-88EB-625FBE52EBFB}</UniqueIdentifier>
      <Extensions>h;hh;hpp;hxx;h++;hm;inl;inc;ipp;xsd</Extensions>
    </Filter>
    <Filter Include="리소스 파일">
      <UniqueIdentifier>{67DA6AB6-F800-4c08-8B7A-83BB121AAD01}</UniqueIdentifier>
      <Extensions>rc;ico;cur;bmp;dlg;rc2;rct;bin;rgs;gif;jpg;jpeg;jpe;resx;tiff;tif;png;wav;mfcribbon-ms</Extensions>
    </Filter>
  </ItemGroup>
  <ItemGroup>
    <ClCompile Include="Test_0.cpp">
      <Filter>소스 파일</Filter>
    </ClCompile>
    <ClCompile Include="practice_1.cpp">
      <Filter>소스 파일</Filter>
    </ClCompile>
    <ClCompile Include="practice_2.cpp">
      <Filter>소스 파일</Filter>
    </ClCompile>
    <ClCompile Include="practice_3.cpp">
      <Filter>소스 파일</Filter>
    </ClCompile>
    <ClCompile Include="practice_4.cpp">
      <Filter>소스 파일</Filter>
    </ClCompile>
    <ClCompile Include="practice_5.cpp">
      <Filter>소스 파일</Filter>
    </ClCompile>
    <ClCompile Include="practice_6.cpp">
      <Filter>소스 파일</Filter>
    </ClCompile>
    <ClCompile Include="Test_2.cpp">
      <Filter>소스 파일</Filter>
    </ClCompile>
    <ClCompile Include="practice_7.cpp">
      <Filter>소스 파일</Filter>
    </ClCompile>
    <ClCompile Include="practice_8.cpp">
      <Filter>소스 파일</Filter>
    </ClCompile>
    <ClCompile Include="practice_9.cpp">
      <Filter>소스 파일</Filter>
    </ClCompile>
    <ClCompile Include="practice_10.cpp">
      <Filter>소스 파일</Filter>
    </ClCompile>
    <ClCompile Include="Test_3.cpp">
      <Filter>소스 파일</Filter>
    </ClCompile>
    <ClCompile Include="practice_11.cpp">
      <Filter>소스 파일</Filter>
    </ClCompile>
    <ClCompile Include="practice_12.cpp">
      <Filter>소스 파일</Filter>
    </ClCompile>
    <ClCompile Include="practice_13.cpp">
      <Filter>소스 파일</Filter>
    </ClCompile>
    <ClCompile Include="practice_14.cpp">
      <Filter>소스 파일</Filter>
    </ClCompile>
    <ClCompile Include="Test_4.cpp">
      <Filter>소스 파일</Filter>
    </ClCompile>
    <ClCompile Include="practice_16.cpp">
      <Filter>소스 파일</Filter>
    </ClCompile>
    <ClCompile Include="lottos.cpp">
      <Filter>소스 파일</Filter>
    </ClCompile>
    <ClCompile Include="practice_17.cpp">
      <Filter>소스 파일</Filter>
    </ClCompile>
    <ClCompile Include="practice_18.cpp">
      <Filter>소스 파일</Filter>
    </ClCompile>
    <ClCompile Include="Test_5.cpp">
      <Filter>소스 파일</Filter>
    </ClCompile>
    <ClCompile Include="practice_20.cpp">
      <Filter>소스 파일</Filter>
    </ClCompile>
    <ClCompile Include="new_id_suggest.cpp">
      <Filter>소스 파일</Filter>
    </ClCompile>
    <ClCompile Include="crain_select.cpp">
      <Filter>소스 파일</Filter>
    </ClCompile>
    <ClCompile Include="practice_19.cpp">
      <Filter>소스 파일</Filter>
    </ClCompile>
    <ClCompile Include="practice_21.cpp">
      <Filter>소스 파일</Filter>
    </ClCompile>
    <ClCompile Include="practice_22.cpp">
      <Filter>소스 파일</Filter>
    </ClCompile>
    <ClCompile Include="Test_6.cpp">
      <Filter>소스 파일</Filter>
    </ClCompile>
    <ClCompile Include="practice_23.cpp">
      <Filter>소스 파일</Filter>
    </ClCompile>
    <ClCompile Include="practice_24.cpp">
      <Filter>소스 파일</Filter>
    </ClCompile>
    <ClCompile Include="ponketmon.cpp">
      <Filter>소스 파일</Filter>
    </ClCompile>
    <ClCompile Include="practice_25.cpp">
      <Filter>소스 파일</Filter>
    </ClCompile>
    <ClCompile Include="scoville.cpp">
      <Filter>소스 파일</Filter>
    </ClCompile>
    <ClCompile Include="practice_26.cpp">
      <Filter>소스 파일</Filter>
    </ClCompile>
    <ClCompile Include="Test_7.cpp">
      <Filter>소스 파일</Filter>
    </ClCompile>
    <ClCompile Include="practice_27.cpp">
      <Filter>소스 파일</Filter>
    </ClCompile>
    <ClCompile Include="collaz.cpp">
      <Filter>소스 파일</Filter>
    </ClCompile>
    <ClCompile Include="secretmap.cpp">
      <Filter>소스 파일</Filter>
    </ClCompile>
    <ClCompile Include="practice_28.cpp">
      <Filter>소스 파일</Filter>
    </ClCompile>
    <ClCompile Include="practice_29.cpp">
      <Filter>소스 파일</Filter>
    </ClCompile>
    <ClCompile Include="Test_8.cpp">
      <Filter>소스 파일</Filter>
    </ClCompile>
    <ClCompile Include="Test_9.cpp">
      <Filter>소스 파일</Filter>
    </ClCompile>
    <ClCompile Include="practice_30.cpp">
      <Filter>소스 파일</Filter>
    </ClCompile>
    <ClCompile Include="stack_sequence.cpp">
      <Filter>소스 파일</Filter>
    </ClCompile>
    <ClCompile Include="stock_price.cpp">
      <Filter>소스 파일</Filter>
    </ClCompile>
    <ClCompile Include="Test_10.cpp">
      <Filter>소스 파일</Filter>
    </ClCompile>
    <ClCompile Include="printer.cpp">
      <Filter>소스 파일</Filter>
    </ClCompile>
    <ClCompile Include="fade.cpp">
      <Filter>소스 파일</Filter>
    </ClCompile>
    <ClCompile Include="webzen.cpp">
      <Filter>소스 파일</Filter>
    </ClCompile>
    <ClCompile Include="str_zip.cpp">
      <Filter>소스 파일</Filter>
    </ClCompile>
    <ClCompile Include="Test_12.cpp">
      <Filter>소스 파일</Filter>
    </ClCompile>
    <ClCompile Include="Test_13.cpp">
      <Filter>소스 파일</Filter>
    </ClCompile>
    <ClCompile Include="Test_14.cpp">
      <Filter>소스 파일</Filter>
    </ClCompile>
    <ClCompile Include="Test_15.cpp">
      <Filter>소스 파일</Filter>
    </ClCompile>
    <ClCompile Include="Test_16.cpp">
      <Filter>소스 파일</Filter>
    </ClCompile>
    <ClCompile Include="Test_17.cpp">
      <Filter>소스 파일</Filter>
    </ClCompile>
    <ClCompile Include="Test_18.cpp">
      <Filter>소스 파일</Filter>
    </ClCompile>
    <ClCompile Include="k_number.cpp">
      <Filter>소스 파일</Filter>
    </ClCompile>
    <ClCompile Include="Test_19.cpp">
      <Filter>소스 파일</Filter>
    </ClCompile>
    <ClCompile Include="smart_pointer.cpp">
      <Filter>소스 파일</Filter>
    </ClCompile>
    <ClCompile Include="hash_table.cpp">
      <Filter>소스 파일</Filter>
    </ClCompile>
    <ClCompile Include="vector.cpp">
      <Filter>소스 파일</Filter>
    </ClCompile>
    <ClCompile Include="data_structure.c">
      <Filter>소스 파일</Filter>
    </ClCompile>
    <ClCompile Include="double_linked_list.c">
      <Filter>소스 파일</Filter>
    </ClCompile>
    <ClCompile Include="mylist.c">
      <Filter>소스 파일</Filter>
    </ClCompile>
    <ClCompile Include="bintree.c">
      <Filter>소스 파일</Filter>
    </ClCompile>
    <ClCompile Include="part_of_sum.cpp">
      <Filter>소스 파일</Filter>
    </ClCompile>
    <ClCompile Include="cantor_set.cpp">
      <Filter>소스 파일</Filter>
    </ClCompile>
    <ClCompile Include="near_word.cpp">
      <Filter>소스 파일</Filter>
    </ClCompile>
    <ClCompile Include="sum_of_number.cpp">
      <Filter>소스 파일</Filter>
    </ClCompile>
    <ClCompile Include="hall_of_fame.cpp">
      <Filter>소스 파일</Filter>
    </ClCompile>
    <ClCompile Include="weapon_of_knight.cpp">
      <Filter>소스 파일</Filter>
    </ClCompile>
    <ClCompile Include="char_cutting.cpp">
      <Filter>소스 파일</Filter>
    </ClCompile>
    <ClCompile Include="tangerine.cpp">
      <Filter>소스 파일</Filter>
    </ClCompile>
    <ClCompile Include="roll_cake_cutting.cpp">
      <Filter>소스 파일</Filter>
    </ClCompile>
    <ClCompile Include="package_order.cpp">
      <Filter>소스 파일</Filter>
    </ClCompile>
    <ClCompile Include="discount.cpp">
      <Filter>소스 파일</Filter>
    </ClCompile>
    <ClCompile Include="play_alone.cpp">
      <Filter>소스 파일</Filter>
    </ClCompile>
    <ClCompile Include="food_fight.cpp">
      <Filter>소스 파일</Filter>
    </ClCompile>
    <ClCompile Include="emoticons.cpp">
      <Filter>소스 파일</Filter>
    </ClCompile>
    <ClCompile Include="easy_case.cpp">
      <Filter>소스 파일</Filter>
    </ClCompile>
    <ClCompile Include="bitset_check.cpp">
      <Filter>소스 파일</Filter>
    </ClCompile>
    <ClCompile Include="finn_number.cpp">
      <Filter>소스 파일</Filter>
    </ClCompile>
    <ClCompile Include="fibo_optimize.cpp">
      <Filter>소스 파일</Filter>
    </ClCompile>
    <ClCompile Include="quadratic_equation.cpp">
      <Filter>소스 파일</Filter>
    </ClCompile>
    <ClCompile Include="english_word.cpp">
      <Filter>소스 파일</Filter>
    </ClCompile>
    <ClCompile Include="greedy.cpp">
      <Filter>소스 파일</Filter>
    </ClCompile>
    <ClCompile Include="match.cpp">
      <Filter>소스 파일</Filter>
    </ClCompile>
    <ClCompile Include="bitwise.cpp">
      <Filter>소스 파일</Filter>
    </ClCompile>
    <ClCompile Include="matrix.cpp">
      <Filter>소스 파일</Filter>
    </ClCompile>
    <ClCompile Include="cutting_arr.cpp">
      <Filter>소스 파일</Filter>
    </ClCompile>
    <ClCompile Include="cola.cpp">
      <Filter>소스 파일</Filter>
    </ClCompile>
    <ClCompile Include="babbling.cpp">
      <Filter>소스 파일</Filter>
    </ClCompile>
    <ClCompile Include="circle_permitation.cpp">
      <Filter>소스 파일</Filter>
    </ClCompile>
    <ClCompile Include="zip.cpp">
      <Filter>소스 파일</Filter>
    </ClCompile>
    <ClCompile Include="hamburger.cpp">
      <Filter>소스 파일</Filter>
    </ClCompile>
    <ClCompile Include="pair_number.cpp">
      <Filter>소스 파일</Filter>
    </ClCompile>
    <ClCompile Include="land_escape.cpp">
      <Filter>소스 파일</Filter>
    </ClCompile>
    <ClCompile Include="fruit.cpp">
      <Filter>소스 파일</Filter>
    </ClCompile>
    <ClCompile Include="prime.cpp">
      <Filter>소스 파일</Filter>
    </ClCompile>
    <ClCompile Include="gcd_lcm.cpp">
      <Filter>소스 파일</Filter>
    </ClCompile>
    <ClCompile Include="phone_number.cpp">
      <Filter>소스 파일</Filter>
    </ClCompile>
    <ClCompile Include="type.cpp">
      <Filter>소스 파일</Filter>
    </ClCompile>
    <ClCompile Include="password.cpp">
      <Filter>소스 파일</Filter>
    </ClCompile>
    <ClCompile Include="even_odd.cpp">
      <Filter>소스 파일</Filter>
    </ClCompile>
    <ClCompile Include="personal_info.cpp">
      <Filter>소스 파일</Filter>
    </ClCompile>
    <ClCompile Include="convert_number.cpp">
      <Filter>소스 파일</Filter>
    </ClCompile>
    <ClCompile Include="open_chat.cpp">
      <Filter>소스 파일</Filter>
    </ClCompile>
    <ClCompile Include="road_to_exit.cpp">
      <Filter>소스 파일</Filter>
    </ClCompile>
    <ClCompile Include="sort_file_name.cpp">
      <Filter>소스 파일</Filter>
    </ClCompile>
    <ClCompile Include="practice31.cpp">
      <Filter>소스 파일</Filter>
    </ClCompile>
    <ClCompile Include="number_change.cpp">
      <Filter>소스 파일</Filter>
    </ClCompile>
    <ClCompile Include="quad_tree.cpp">
      <Filter>소스 파일</Filter>
    </ClCompile>
    <ClCompile Include="two_pointer.cpp">
      <Filter>소스 파일</Filter>
    </ClCompile>
    <ClCompile Include="music_song.cpp">
      <Filter>소스 파일</Filter>
    </ClCompile>
    <ClCompile Include="travel_island.cpp">
      <Filter>소스 파일</Filter>
    </ClCompile>
    <ClCompile Include="recurrsion_str_calculate.cpp">
      <Filter>소스 파일</Filter>
    </ClCompile>
    <ClCompile Include="rotate_matrix.cpp">
      <Filter>소스 파일</Filter>
    </ClCompile>
    <ClCompile Include="cutting_wires.cpp">
      <Filter>소스 파일</Filter>
    </ClCompile>
    <ClCompile Include="make_line.cpp">
      <Filter>소스 파일</Filter>
    </ClCompile>
    <ClCompile Include="delivery.cpp">
      <Filter>소스 파일</Filter>
    </ClCompile>
    <ClCompile Include="dot.cpp">
      <Filter>소스 파일</Filter>
    </ClCompile>
    <ClCompile Include="dp.cpp">
      <Filter>소스 파일</Filter>
    </ClCompile>
    <ClCompile Include="hotel_reserv.cpp">
      <Filter>소스 파일</Filter>
    </ClCompile>
    <ClCompile Include="distance_check.cpp">
      <Filter>소스 파일</Filter>
    </ClCompile>
    <ClCompile Include="magic_elebator.cpp">
      <Filter>소스 파일</Filter>
    </ClCompile>
    <ClCompile Include="div_arr.cpp">
      <Filter>소스 파일</Filter>
    </ClCompile>
    <ClCompile Include="pair_of_playground.cpp">
      <Filter>소스 파일</Filter>
    </ClCompile>
    <ClCompile Include="hanoi.cpp">
      <Filter>소스 파일</Filter>
    </ClCompile>
    <ClCompile Include="maze_exit.cpp">
      <Filter>소스 파일</Filter>
    </ClCompile>
    <ClCompile Include="candi_key.cpp">
      <Filter>소스 파일</Filter>
    </ClCompile>
    <ClCompile Include="defense_game.cpp">
      <Filter>소스 파일</Filter>
    </ClCompile>
    <ClCompile Include="recochat_robot.cpp">
      <Filter>소스 파일</Filter>
    </ClCompile>
    <ClCompile Include="collatz_area.cpp">
      <Filter>소스 파일</Filter>
    </ClCompile>
    <ClCompile Include="keymap.cpp">
      <Filter>소스 파일</Filter>
    </ClCompile>
    <ClCompile Include="artist.cpp">
      <Filter>소스 파일</Filter>
    </ClCompile>
    <ClCompile Include="cards_check.cpp">
      <Filter>소스 파일</Filter>
    </ClCompile>
    <ClCompile Include="clear_desktop.cpp">
      <Filter>소스 파일</Filter>
    </ClCompile>
    <ClCompile Include="running.cpp">
      <Filter>소스 파일</Filter>
    </ClCompile>
    <ClCompile Include="painting_area.cpp">
      <Filter>소스 파일</Filter>
    </ClCompile>
    <ClCompile Include="escape_maze_by_use_bit.cpp">
      <Filter>소스 파일</Filter>
    </ClCompile>
  </ItemGroup>
  <ItemGroup>
    <ClInclude Include="Vector.h">
      <Filter>헤더 파일</Filter>
    </ClInclude>
    <ClInclude Include="RootHeader.h">
      <Filter>헤더 파일</Filter>
    </ClInclude>
    <ClInclude Include="double_linked_list.h">
      <Filter>헤더 파일</Filter>
    </ClInclude>
    <ClInclude Include="mylist.h">
      <Filter>헤더 파일</Filter>
    </ClInclude>
  </ItemGroup>
</Project>