<?xml version="1.0" encoding="utf-8"?>
<Project ToolsVersion="4.0" xmlns="http://schemas.microsoft.com/developer/msbuild/2003">
  <ItemGroup>
    <Filter Include="소스 파일">
      <UniqueIdentifier>{4FC737F1-C7A5-4376-A066-2A32D752A2FF}</UniqueIdentifier>
      <Extensions>cpp;c;cc;cxx;c++;cppm;ixx;def;odl;idl;hpj;bat;asm;asmx</Extensions>
    </Filter>
    <Filter Include="헤더 파일">
      <UniqueIdentifier>{93995380-89BD-4b04-88EB-625FBE52EBFB}</UniqueIdentifier>
      <Extensions>h;hh;hpp;hxx;h++;hm;inl;inc;ipp;xsd</Extensions>
    </Filter>
    <Filter Include="리소스 파일">
      <UniqueIdentifier>{67DA6AB6-F800-4c08-8B7A-83BB121AAD01}</UniqueIdentifier>
      <Extensions>rc;ico;cur;bmp;dlg;rc2;rct;bin;rgs;gif;jpg;jpeg;jpe;resx;tiff;tif;png;wav;mfcribbon-ms</Extensions>
    </Filter>
  </ItemGroup>
  <ItemGroup>
    <ClCompile Include="Test_0.cpp">
      <Filter>소스 파일</Filter>
    </ClCompile>
    <ClCompile Include="practice_1.cpp">
      <Filter>소스 파일</Filter>
    </ClCompile>
    <ClCompile Include="practice_2.cpp">
      <Filter>소스 파일</Filter>
    </ClCompile>
    <ClCompile Include="practice_3.cpp">
      <Filter>소스 파일</Filter>
    </ClCompile>
    <ClCompile Include="practice_4.cpp">
      <Filter>소스 파일</Filter>
    </ClCompile>
    <ClCompile Include="practice_5.cpp">
      <Filter>소스 파일</Filter>
    </ClCompile>
    <ClCompile Include="practice_6.cpp">
      <Filter>소스 파일</Filter>
    </ClCompile>
    <ClCompile Include="Test_2.cpp">
      <Filter>소스 파일</Filter>
    </ClCompile>
    <ClCompile Include="practice_7.cpp">
      <Filter>소스 파일</Filter>
    </ClCompile>
    <ClCompile Include="practice_8.cpp">
      <Filter>소스 파일</Filter>
    </ClCompile>
    <ClCompile Include="practice_9.cpp">
      <Filter>소스 파일</Filter>
    </ClCompile>
    <ClCompile Include="practice_10.cpp">
      <Filter>소스 파일</Filter>
    </ClCompile>
    <ClCompile Include="Test_3.cpp">
      <Filter>소스 파일</Filter>
    </ClCompile>
    <ClCompile Include="practice_11.cpp">
      <Filter>소스 파일</Filter>
    </ClCompile>
    <ClCompile Include="practice_12.cpp">
      <Filter>소스 파일</Filter>
    </ClCompile>
    <ClCompile Include="practice_13.cpp">
      <Filter>소스 파일</Filter>
    </ClCompile>
    <ClCompile Include="practice_14.cpp">
      <Filter>소스 파일</Filter>
    </ClCompile>
    <ClCompile Include="Test_4.cpp">
      <Filter>소스 파일</Filter>
    </ClCompile>
    <ClCompile Include="practice_16.cpp">
      <Filter>소스 파일</Filter>
    </ClCompile>
    <ClCompile Include="lottos.cpp">
      <Filter>소스 파일</Filter>
    </ClCompile>
    <ClCompile Include="practice_17.cpp">
      <Filter>소스 파일</Filter>
    </ClCompile>
    <ClCompile Include="practice_18.cpp">
      <Filter>소스 파일</Filter>
    </ClCompile>
    <ClCompile Include="Test_5.cpp">
      <Filter>소스 파일</Filter>
    </ClCompile>
    <ClCompile Include="practice_20.cpp">
      <Filter>소스 파일</Filter>
    </ClCompile>
    <ClCompile Include="new_id_suggest.cpp">
      <Filter>소스 파일</Filter>
    </ClCompile>
    <ClCompile Include="crain_select.cpp">
      <Filter>소스 파일</Filter>
    </ClCompile>
    <ClCompile Include="practice_19.cpp">
      <Filter>소스 파일</Filter>
    </ClCompile>
    <ClCompile Include="practice_21.cpp">
      <Filter>소스 파일</Filter>
    </ClCompile>
    <ClCompile Include="practice_22.cpp">
      <Filter>소스 파일</Filter>
    </ClCompile>
    <ClCompile Include="Test_6.cpp">
      <Filter>소스 파일</Filter>
    </ClCompile>
    <ClCompile Include="practice_23.cpp">
      <Filter>소스 파일</Filter>
    </ClCompile>
    <ClCompile Include="practice_24.cpp">
      <Filter>소스 파일</Filter>
    </ClCompile>
    <ClCompile Include="ponketmon.cpp">
      <Filter>소스 파일</Filter>
    </ClCompile>
    <ClCompile Include="practice_25.cpp">
      <Filter>소스 파일</Filter>
    </ClCompile>
    <ClCompile Include="scoville.cpp">
      <Filter>소스 파일</Filter>
    </ClCompile>
    <ClCompile Include="practice_26.cpp">
      <Filter>소스 파일</Filter>
    </ClCompile>
    <ClCompile Include="Test_7.cpp">
      <Filter>소스 파일</Filter>
    </ClCompile>
    <ClCompile Include="practice_27.cpp">
      <Filter>소스 파일</Filter>
    </ClCompile>
    <ClCompile Include="collaz.cpp">
      <Filter>소스 파일</Filter>
    </ClCompile>
    <ClCompile Include="secretmap.cpp">
      <Filter>소스 파일</Filter>
    </ClCompile>
    <ClCompile Include="practice_28.cpp">
      <Filter>소스 파일</Filter>
    </ClCompile>
    <ClCompile Include="practice_29.cpp">
      <Filter>소스 파일</Filter>
    </ClCompile>
    <ClCompile Include="Test_8.cpp">
      <Filter>소스 파일</Filter>
    </ClCompile>
    <ClCompile Include="Test_9.cpp">
      <Filter>소스 파일</Filter>
    </ClCompile>
    <ClCompile Include="practice_30.cpp">
      <Filter>소스 파일</Filter>
    </ClCompile>
    <ClCompile Include="stack_sequence.cpp">
      <Filter>소스 파일</Filter>
    </ClCompile>
    <ClCompile Include="stock_price.cpp">
      <Filter>소스 파일</Filter>
    </ClCompile>
    <ClCompile Include="Test_10.cpp">
      <Filter>소스 파일</Filter>
    </ClCompile>
    <ClCompile Include="printer.cpp">
      <Filter>소스 파일</Filter>
    </ClCompile>
    <ClCompile Include="fade.cpp">
      <Filter>소스 파일</Filter>
    </ClCompile>
    <ClCompile Include="webzen.cpp">
      <Filter>소스 파일</Filter>
    </ClCompile>
    <ClCompile Include="str_zip.cpp">
      <Filter>소스 파일</Filter>
    </ClCompile>
    <ClCompile Include="Test_12.cpp">
      <Filter>소스 파일</Filter>
    </ClCompile>
    <ClCompile Include="Test_13.cpp">
      <Filter>소스 파일</Filter>
    </ClCompile>
    <ClCompile Include="Test_14.cpp">
      <Filter>소스 파일</Filter>
    </ClCompile>
    <ClCompile Include="Test_15.cpp">
      <Filter>소스 파일</Filter>
    </ClCompile>
    <ClCompile Include="Test_16.cpp">
      <Filter>소스 파일</Filter>
    </ClCompile>
    <ClCompile Include="Test_17.cpp">
      <Filter>소스 파일</Filter>
    </ClCompile>
    <ClCompile Include="Test_18.cpp">
      <Filter>소스 파일</Filter>
    </ClCompile>
    <ClCompile Include="k_number.cpp">
      <Filter>소스 파일</Filter>
    </ClCompile>
    <ClCompile Include="Test_19.cpp">
      <Filter>소스 파일</Filter>
    </ClCompile>
    <ClCompile Include="smart_pointer.cpp">
      <Filter>소스 파일</Filter>
    </ClCompile>
    <ClCompile Include="hash_table.cpp">
      <Filter>소스 파일</Filter>
    </ClCompile>
    <ClCompile Include="vector.cpp">
      <Filter>소스 파일</Filter>
    </ClCompile>
  </ItemGroup>
</Project>